version = 1
revision = 3
requires-python = ">=3.11"

[[package]]
name = "duckdb"
version = "1.5.5"
source = { registry = "https://pypi.org/simple" }
sdist = { url = "https://files.pythonhosted.org/packages/7d/19/e57151753576373c6696a12022648546cca6038e8833fda2908ee2342d9b/duckdb-1.5.5.tar.gz", hash = "sha256:72f33ee57ca7595b23957671a2cc7f7fe2be0ecc2d68f63abedcfcaa3a5c1238", size = 18066741, upload-time = "2026-07-22T10:55:17.819Z" }
wheels = [
    { url = "https://files.pythonhosted.org/packages/9c/c2/b62ec24d57bb8df4e24b0b58f7f8facb32f5fdb9f1895aed9e9fcdded168/duckdb-1.5.5-cp311-cp311-macosx_10_9_universal2.whl", hash = "sha256:1b543841b0ae18a9c982345cfa3987e9c065d3a4b0f067daa473d92d1e65f528", size = 32708371, upload-time = "2026-07-22T10:53:41.642Z" },
    { url = "https://files.pythonhosted.org/packages/8a/ce/769171ba45f0b73632dc3bc3108d891e81dd6c6bbfba630a34a75b4dcc0f/duckdb-1.5.5-cp311-cp311-macosx_10_9_x86_64.whl", hash = "sha256:1a925d06c2a4c3b64553d6cc1aced5028d376d4479bed689a7d47e9b1dccd80a", size = 17343979, upload-time = "2026-07-22T10:53:44.951Z" },
    { url = "https://files.pythonhosted.org/packages/46/59/a8e3384ee916e00d5dcf985194c1511d61978540778a1e96fa47f9fb3e0d/duckdb-1.5.5-cp311-cp311-macosx_11_0_arm64.whl", hash = "sha256:0c42757cb34722144bd4dfb94b6f336339e7b2468f6813fa7fa9a319ba07bab4", size = 15493704, upload-time = "2026-07-22T10:53:47.912Z" },
    { url = "https://files.pythonhosted.org/packages/6f/1d/9840179c2607b90523a2884a129c4d4e6dbdc1178ba62a976c1043beba88/duckdb-1.5.5-cp311-cp311-manylinux_2_26_aarch64.manylinux_2_28_aarch64.whl", hash = "sha256:2e72f9e1a4f90a5c8483ad4d540e495bf0834ba61c360b52499a573d7ed62a3f", size = 19366574, upload-time = "2026-07-22T10:53:51.876Z" },
    { url = "https://files.pythonhosted.org/packages/b5/55/f9641a4eebcc2f4df631287d6c3b9ed2eea3b92644f93acbad825e3972b6/duckdb-1.5.5-cp311-cp311-manylinux_2_26_x86_64.manylinux_2_28_x86_64.whl", hash = "sha256:b9b6f86ed85d4ef5e0211eaebf75d057bd8bb520bba438a95dd0f4e42234bbfe", size = 21477952, upload-time = "2026-07-22T10:53:55.575Z" },
    { url = "https://files.pythonhosted.org/packages/3c/3a/07c3556e37a5c97b95917b029c8fdde4a25fbd76a660bacdac195cf20dcb/duckdb-1.5.5-cp311-cp311-win_amd64.whl", hash = "sha256:9f4287f97ccf0c1f3d471e7115be2b067cbf99627e2d34bffd462dd64703cddc", size = 13156986, upload-time = "2026-07-22T10:53:58.823Z" },
    { url = "https://files.pythonhosted.org/packages/4f/ff/07b48eef2078ca033847e9caa46cc7633b714c5f91ad1ce091c8ca89d792/duckdb-1.5.5-cp311-cp311-win_arm64.whl", hash = "sha256:179633a3fc6296c75d57c69c1e239fa9e5cdcb670fd1dbff88a02663f932905c", size = 14001317, upload-time = "2026-07-22T10:54:01.724Z" },
    { url = "https://files.pythonhosted.org/packages/d6/40/2e05d324400fdaa5656c9f48d6298da421cb034d85e509fa0e6e325cf04b/duckdb-1.5.5-cp312-cp312-macosx_10_13_universal2.whl", hash = "sha256:d4dd65f8941a604b947e0b9b4b4f7165988e29a23ec0b69b4038520956d9933e", size = 32753858, upload-time = "2026-07-22T10:54:05.514Z" },
    { url = "https://files.pythonhosted.org/packages/79/15/5ceb58ffb5bb8a62b3fd7abb39c41467cdf94850ece02e6d88664dfc75ce/duckdb-1.5.5-cp312-cp312-macosx_10_13_x86_64.whl", hash = "sha256:33db46679b071f108d57139493dee2d37e1f5efcf5c5c039c2969eed11a6c8a7", size = 17368293, upload-time = "2026-07-22T10:54:09.139Z" },
    { url = "https://files.pythonhosted.org/packages/bf/5c/bf02da0b354fe83cca4f95a4fbf762181af466f7d551ab2a093f7698882a/duckdb-1.5.5-cp312-cp312-macosx_11_0_arm64.whl", hash = "sha256:f0b88535a5d86fdd63dba6ea02ab68c003dfb9e4892b11256ef24c4da208baae", size = 15509131, upload-time = "2026-07-22T10:54:12.228Z" },
    { url = "https://files.pythonhosted.org/packages/ea/a9/5f1f09da421d8e930e0b063d11c1b3f90363f40ede74438cd188afdd13a2/duckdb-1.5.5-cp312-cp312-manylinux_2_26_aarch64.manylinux_2_28_aarch64.whl", hash = "sha256:f316eae2323d9a851883fdf2dee91c1f9efe251ab33e14a2272f82a913422ed6", size = 19391959, upload-time = "2026-07-22T10:54:15.551Z" },
    { url = "https://files.pythonhosted.org/packages/4f/98/6549769f158126fa64fd6c1ac2eb59a18282146c939867a3eb31b7c1db07/duckdb-1.5.5-cp312-cp312-manylinux_2_26_x86_64.manylinux_2_28_x86_64.whl", hash = "sha256:7a6d2d11859d82a936ebdcb30ce3d8a1cbb3e990bff05c12abb9b54c44fa7bd1", size = 21510909, upload-time = "2026-07-22T10:54:19.681Z" },
    { url = "https://files.pythonhosted.org/packages/af/b7/5753b41d3124838f868f9f523362812d9fc45409e9e4dd70dcbb0a25826e/duckdb-1.5.5-cp312-cp312-win_amd64.whl", hash = "sha256:ddfbdb096c11d51ee22492397d342c90a82e62c5d09961477895934d0a25372f", size = 13168544, upload-time = "2026-07-22T10:54:22.789Z" },
    { url = "https://files.pythonhosted.org/packages/5c/28/44b679c7d46245f8398feae7edac959d1b83d4eb143e25b3fce0630b78bd/duckdb-1.5.5-cp312-cp312-win_arm64.whl", hash = "sha256:2725d2b9ace3a4e75d72fc5a239f6a44b502c580edadb8fb2676db772c5f9282", size = 13988684, upload-time = "2026-07-22T10:54:26.003Z" },
    { url = "https://files.pythonhosted.org/packages/47/37/4a38116e7700720fd152c666292214fd3abdf916496991296d8d1f66efbf/duckdb-1.5.5-cp313-cp313-macosx_10_13_universal2.whl", hash = "sha256:cd98829b67788609017e65c761bd42a5dd0f9129441bed8bda4d6881ccf819f0", size = 32754294, upload-time = "2026-07-22T10:54:29.822Z" },
    { url = "https://files.pythonhosted.org/packages/66/42/7d392f1ba1eee0eaf4ab4c8c7a604bfe3536cd63f979cf5c98798664f807/duckdb-1.5.5-cp313-cp313-macosx_10_13_x86_64.whl", hash = "sha256:feead93c56679b79592d437c62975d39cb67adedffa7592c763baf8160ac7366", size = 17368211, upload-time = "2026-07-22T10:54:33.359Z" },
    { url = "https://files.pythonhosted.org/packages/9f/a5/0a6f4fa60562faa615e55e15bd1953a2f2b17a8edd8105e5cda215e43457/duckdb-1.5.5-cp313-cp313-macosx_11_0_arm64.whl", hash = "sha256:49c963d9469373d7aba8d750d9ea565ab823e94166efed953f184dd9b169b98c", size = 15509136, upload-time = "2026-07-22T10:54:36.369Z" },
    { url = "https://files.pythonhosted.org/packages/e4/cb/023c89f51978545b9fab318581bba0c457a58e7530d2d933e54ae7d8647c/duckdb-1.5.5-cp313-cp313-manylinux_2_26_aarch64.manylinux_2_28_aarch64.whl", hash = "sha256:a736217825461732b5442d05a220f3da2e23a0dae114efbf08c9bf171b53098a", size = 19392147, upload-time = "2026-07-22T10:54:39.551Z" },
    { url = "https://files.pythonhosted.org/packages/3e/c5/41bef391fb8b23dbc133c9f2ba016e7a7a8124513d2cc1b430f1897d87e4/duckdb-1.5.5-cp313-cp313-manylinux_2_26_x86_64.manylinux_2_28_x86_64.whl", hash = "sha256:078e6a60dd8eedde5832f45422ca5c4a6b8c837aeabd8a56ca0b7d933f588053", size = 21511060, upload-time = "2026-07-22T10:54:42.788Z" },
    { url = "https://files.pythonhosted.org/packages/07/9f/c44dfc1f924ac29b3252dc1b91393c01d009dbfe9f8ed33f10b986151bd1/duckdb-1.5.5-cp313-cp313-win_amd64.whl", hash = "sha256:6826504277dba513c0c5d71d828456c94d729c9d2482f94b2e289f90a9167e28", size = 13168028, upload-time = "2026-07-22T10:54:46.127Z" },
    { url = "https://files.pythonhosted.org/packages/ca/88/591384b2cd59abddd6f5dc175e60374f9abae6064429f0c4402854c10f44/duckdb-1.5.5-cp313-cp313-win_arm64.whl", hash = "sha256:baa9c5702002fabb559ded2a39008f9f421fcbc7237d388b8213eff1e08858de", size = 13989955, upload-time = "2026-07-22T10:54:49.262Z" },
    { url = "https://files.pythonhosted.org/packages/3e/56/12c65bfa2d2605b81981b264788891bcf11ec72227889554cead5d8d13b9/duckdb-1.5.5-cp314-cp314-macosx_10_15_universal2.whl", hash = "sha256:8e6413dd40facb7b8ab21bd844450cd8f549b29e138635be9cf090ef4d2049e2", size = 32761946, upload-time = "2026-07-22T10:54:53.412Z" },
    { url = "https://files.pythonhosted.org/packages/b9/46/682ce155f17e0d2822d4f13ee3db9ca4b5b7c2da61b841b2629035e1f4bc/duckdb-1.5.5-cp314-cp314-macosx_10_15_x86_64.whl", hash = "sha256:64078acfd16541132ac6e191eb81b2845554444a0305cc1aa581ba107e514aa8", size = 17375069, upload-time = "2026-07-22T10:54:57.269Z" },
    { url = "https://files.pythonhosted.org/packages/39/ce/a24bcbd3289c8f305a430759c5fc12242740b4af3e17f7593f3a34e333d2/duckdb-1.5.5-cp314-cp314-macosx_11_0_arm64.whl", hash = "sha256:8c11775cc99a447618d5f1840126db17f2652f3eae05529df4f81f40e2df7151", size = 15519791, upload-time = "2026-07-22T10:55:00.681Z" },
    { url = "https://files.pythonhosted.org/packages/d9/76/3a01afbc615c1d418c0de58a6b68ac5ce2a8563232c0464bfbc2ce552398/duckdb-1.5.5-cp314-cp314-manylinux_2_26_aarch64.manylinux_2_28_aarch64.whl", hash = "sha256:77bbc1e6ba12e1e06f9020117bdf848627ecfdf36f907550e62e008e6109dece", size = 19398251, upload-time = "2026-07-22T10:55:04.168Z" },
    { url = "https://files.pythonhosted.org/packages/a1/43/3a5e81d1728f4d234c79bfe385808ee7c04834f7c37a4b5c257459c25614/duckdb-1.5.5-cp314-cp314-manylinux_2_26_x86_64.manylinux_2_28_x86_64.whl", hash = "sha256:fbf0f2d48b43c6c304d00463b463c27ead6c4b01c3c1816b750f728decf71afe", size = 21513851, upload-time = "2026-07-22T10:55:07.864Z" },
    { url = "https://files.pythonhosted.org/packages/91/41/fc7c829172c60ca22485251eab285f4f1a0d87b486a024c726f21471d86e/duckdb-1.5.5-cp314-cp314-win_amd64.whl", hash = "sha256:9dc826c4b50e64f6c4e4d07a3a9cb075ef70ba3899dc43ec5493dc3d7b04b353", size = 13691858, upload-time = "2026-07-22T10:55:11.181Z" },
    { url = "https://files.pythonhosted.org/packages/e1/2c/95d9216b79e9273689d7ebce125a54503ed0c9bd7da931f0265888e99779/duckdb-1.5.5-cp314-cp314-win_arm64.whl", hash = "sha256:63e48d4b74b15aeacd688976432a7225163df8c226eddeb8536bba2d4d4ff433", size = 14470180, upload-time = "2026-07-22T10:55:14.445Z" },
]

[[package]]
name = "pendulum"
version = "3.2.0"
source = { registry = "https://pypi.org/simple" }
dependencies = [
    { name = "python-dateutil" },
    { name = "tzdata" },
]
sdist = { url = "https://files.pythonhosted.org/packages/cb/72/9a51afa0a822b09e286c4cb827ed7b00bc818dac7bd11a5f161e493a217d/pendulum-3.2.0.tar.gz", hash = "sha256:e80feda2d10fa3ff8b1526715f7d33dcb7e08494b3088f2c8a3ac92d4a4331ce", size = 86912, upload-time = "2026-01-30T11:22:24.093Z" }
wheels = [
    { url = "https://files.pythonhosted.org/packages/c4/27/a4be6ec12161b503dd036f8d7cc57f8626170ae31bb298038be9af0001ce/pendulum-3.2.0-cp311-cp311-macosx_10_12_x86_64.whl", hash = "sha256:5d775cc608c909ad415c8e789c84a9f120bb6a794c4215b2d8d910893cf0ec6a", size = 337923, upload-time = "2026-01-30T11:20:51.61Z" },
    { url = "https://files.pythonhosted.org/packages/59/e1/2a214e18355ec2a6ce3f683a97eecdb6050866ff3a6cf165d411450aeb1b/pendulum-3.2.0-cp311-cp311-macosx_11_0_arm64.whl", hash = "sha256:8de794a7f665aebc8c1ba4dd4b05ab8fe1a36ce9c0498366adf1d1edd79b2686", size = 327379, upload-time = "2026-01-30T11:20:53.085Z" },
    { url = "https://files.pythonhosted.org/packages/9d/01/7392e58ebc1d9e70b987dc8bb0c89710b47ac8125067efe7aa4c420b616f/pendulum-3.2.0-cp311-cp311-manylinux_2_17_aarch64.manylinux2014_aarch64.whl", hash = "sha256:7bac7df7696e1c942e17c0556b3a7bcdd1d7aa5b24faee7620cb071e754a0622", size = 340115, upload-time = "2026-01-30T11:20:54.635Z" },
    { url = "https://files.pythonhosted.org/packages/ef/33/80de84c5ca1a3e4f7f3b75090c9b61b6dbb6d095e302ee592cebbaf0bbfb/pendulum-3.2.0-cp311-cp311-manylinux_2_17_ppc64le.manylinux2014_ppc64le.whl", hash = "sha256:db0f6a8a04475d9cba26ce701e7d66d266fd97227f2f5f499270eba04be1c7e9", size = 373969, upload-time = "2026-01-30T11:20:56.209Z" },
    { url = "https://files.pythonhosted.org/packages/75/e4/f7b4c1818927ab394a2a0a9b7011f360a0a75839a22678833c5bc0a84183/pendulum-3.2.0-cp311-cp311-manylinux_2_17_s390x.manylinux2014_s390x.whl", hash = "sha256:c352c63c1ff05f2198409b28498d7158547a8be23e1fbd4aa2cf5402fb239b55", size = 379058, upload-time = "2026-01-30T11:20:57.618Z" },
    { url = "https://files.pythonhosted.org/packages/36/94/9947cf710620afcc68751683f2f8de88d902505e7c13c0349d7e9d362f97/pendulum-3.2.0-cp311-cp311-manylinux_2_17_x86_64.manylinux2014_x86_64.whl", hash = "sha256:de8c1ad1d1aa7d4ceae341528bab35a0f8c88a5aa63f2f5d84e16b517d1b32c2", size = 348403, upload-time = "2026-01-30T11:20:59.56Z" },
    { url = "https://files.pythonhosted.org/packages/6f/12/0e6ba0bb00fa57907af2a3fca8643bded5dba1e87072d50673776a0d6ed2/pendulum-3.2.0-cp311-cp311-musllinux_1_1_aarch64.whl", hash = "sha256:1ba955511c12fec2252038b0c866c25c0c30b720bf74d3023710f121e42b1498", size = 517457, upload-time = "2026-01-30T11:21:01.602Z" },
    { url = "https://files.pythonhosted.org/packages/c6/fe/dae5fbfe67bd41d943def0ad8f1e7f6988aa8e527255e433cd7c494f9ad5/pendulum-3.2.0-cp311-cp311-musllinux_1_1_x86_64.whl", hash = "sha256:4115bf364a2ec6d5ddc476751ceaa4164a04f2c15589f0d29aa210ddb784b15d", size = 561103, upload-time = "2026-01-30T11:21:03.924Z" },
    { url = "https://files.pythonhosted.org/packages/ce/a0/8f646160b98abfc19152505af19bd643a4279ec2bdbe0959f16b7025fc6b/pendulum-3.2.0-cp311-cp311-win_amd64.whl", hash = "sha256:4151a903356413fdd9549de0997b708fb95a214ed97803ffb479ffd834088378", size = 260595, upload-time = "2026-01-30T11:21:05.495Z" },
    { url = "https://files.pythonhosted.org/packages/79/01/feead7af9ded7a13f2d798fb6573e70f469113eafcd8cc8f59671584ca3e/pendulum-3.2.0-cp311-cp311-win_arm64.whl", hash = "sha256:acfdee9ddc56053cb7c8c075afbfde0857322d09e56a56195b9cd127fae87e4c", size = 255382, upload-time = "2026-01-30T11:21:06.847Z" },
    { url = "https://files.pythonhosted.org/packages/41/56/dd0ea9f97d25a0763cda09e2217563b45714786118d8c68b0b745395d6eb/pendulum-3.2.0-cp312-cp312-macosx_10_12_x86_64.whl", hash = "sha256:bf0b489def51202a39a2a665dcc4162d5e46934a740fe4c4fe3068979610156c", size = 337830, upload-time = "2026-01-30T11:21:08.298Z" },
    { url = "https://files.pythonhosted.org/packages/cf/98/83d62899bf7226fc12396de4bc1fb2b5da27e451c7c60790043aaf8b4731/pendulum-3.2.0-cp312-cp312-macosx_11_0_arm64.whl", hash = "sha256:937a529aa302efa18dcf25e53834964a87ffb2df8f80e3669ab7757a6126beaf", size = 327574, upload-time = "2026-01-30T11:21:09.715Z" },
    { url = "https://files.pythonhosted.org/packages/76/fa/ff2aa992b23f0543c709b1a3f3f9ed760ec71fd02c8bb01f93bf008b52e4/pendulum-3.2.0-cp312-cp312-manylinux_2_17_aarch64.manylinux2014_aarch64.whl", hash = "sha256:85c7689defc65c4dc29bf257f7cca55d210fabb455de9476e1748d2ab2ae80d7", size = 339891, upload-time = "2026-01-30T11:21:11.089Z" },
    { url = "https://files.pythonhosted.org/packages/c5/4e/25b4fa11d19503d50d7b52d7ef943c0f20fd54422aaeb9e38f588c815c50/pendulum-3.2.0-cp312-cp312-manylinux_2_17_ppc64le.manylinux2014_ppc64le.whl", hash = "sha256:d5e216e5a412563ea2ecf5de467dcf3d02717947fcdabe6811d5ee360726b02b", size = 373726, upload-time = "2026-01-30T11:21:12.493Z" },
    { url = "https://files.pythonhosted.org/packages/4f/30/0acad6396c4e74e5c689aa4f0b0c49e2ecdcfce368e7b5bf35ca1c0fc61a/pendulum-3.2.0-cp312-cp312-manylinux_2_17_s390x.manylinux2014_s390x.whl", hash = "sha256:3a2af22eeec438fbaac72bb7fba783e0950a514fba980d9a32db394b51afccec", size = 379827, upload-time = "2026-01-30T11:21:14.08Z" },
    { url = "https://files.pythonhosted.org/packages/3a/f7/e6a2fdf2a23d59b4b48b8fa89e8d4bf2dd371aea2c6ba8fcecec20a4acb9/pendulum-3.2.0-cp312-cp312-manylinux_2_17_x86_64.manylinux2014_x86_64.whl", hash = "sha256:3159cceb54f5aa8b85b141c7f0ce3fac8bdd1ffdc7c79e67dca9133eac7c4d11", size = 348921, upload-time = "2026-01-30T11:21:15.816Z" },
    { url = "https://files.pythonhosted.org/packages/7f/f2/c15fa7f9ad4e181aa469b6040b574988bd108ccdf4ae509ad224f9e4db44/pendulum-3.2.0-cp312-cp312-musllinux_1_1_aarch64.whl", hash = "sha256:c39ea5e9ffa20ea8bae986d00e0908bd537c8468b71d6b6503ab0b4c3d76e0ea", size = 517188, upload-time = "2026-01-30T11:21:17.835Z" },
    { url = "https://files.pythonhosted.org/packages/47/c7/5f80b12ee88ec26e930c3a5a602608a63c29cf60c81a0eb066d583772550/pendulum-3.2.0-cp312-cp312-musllinux_1_1_x86_64.whl", hash = "sha256:e5afc753e570cce1f44197676371f68953f7d4f022303d141bb09f804d5fe6d7", size = 561833, upload-time = "2026-01-30T11:21:19.232Z" },
    { url = "https://files.pythonhosted.org/packages/90/15/1ac481626cb63db751f6281e294661947c1f0321ebe5d1c532a3b51a8006/pendulum-3.2.0-cp312-cp312-win_amd64.whl", hash = "sha256:fd55c12560816d9122ca2142d9e428f32c0c083bf77719320b1767539c7a3a3b", size = 258725, upload-time = "2026-01-30T11:21:20.558Z" },
    { url = "https://files.pythonhosted.org/packages/40/ae/50b0398d7d027eb70a3e1e336de7b6e599c6b74431cb7d3863287e1292bb/pendulum-3.2.0-cp312-cp312-win_arm64.whl", hash = "sha256:faef52a7ed99729f0838353b956f3fabf6c550c062db247e9e2fc2b48fcb9457", size = 253089, upload-time = "2026-01-30T11:21:22.497Z" },
    { url = "https://files.pythonhosted.org/packages/27/8c/400c8b8dbd7524424f3d9902ded64741e82e5e321d1aabbd68ade89e71cf/pendulum-3.2.0-cp313-cp313-macosx_10_12_x86_64.whl", hash = "sha256:addb0512f919fe5b70c8ee534ee71c775630d3efe567ea5763d92acff857cfc3", size = 337820, upload-time = "2026-01-30T11:21:24.305Z" },
    { url = "https://files.pythonhosted.org/packages/59/38/7c16f26cc55d9206d71da294ce6857d0da381e26bc9e0c2a069424c2b173/pendulum-3.2.0-cp313-cp313-macosx_11_0_arm64.whl", hash = "sha256:3aaa50342dc174acebdc21089315012e63789353957b39ac83cac9f9fc8d1075", size = 327551, upload-time = "2026-01-30T11:21:25.747Z" },
    { url = "https://files.pythonhosted.org/packages/0b/cd/f36ec5d56d55104232380fdbf84ff53cc05607574af3cbdc8a43991ac8a7/pendulum-3.2.0-cp313-cp313-manylinux_2_17_aarch64.manylinux2014_aarch64.whl", hash = "sha256:927e9c9ab52ff68e71b76dd410e5f1cd78f5ea6e7f0a9f5eb549aea16a4d5354", size = 339894, upload-time = "2026-01-30T11:21:27.229Z" },
    { url = "https://files.pythonhosted.org/packages/aa/4e/b9a1e546519c3a92d5bc17787cea925e06a20def2ae344fa136d2fc40338/pendulum-3.2.0-cp313-cp313-manylinux_2_17_ppc64le.manylinux2014_ppc64le.whl", hash = "sha256:249d18f5543c9f43aba3bd77b34864ec8cf6f64edbead405f442e23c94fce63d", size = 373766, upload-time = "2026-01-30T11:21:28.642Z" },
    { url = "https://files.pythonhosted.org/packages/ea/a6/6471ab87ae2260594501f071586a765fc894817043b7d2d4b04e2eff4f31/pendulum-3.2.0-cp313-cp313-manylinux_2_17_s390x.manylinux2014_s390x.whl", hash = "sha256:7c644cc15eec5fb02291f0f193195156780fd5a0affd7a349592403826d1a35e", size = 379837, upload-time = "2026-01-30T11:21:30.637Z" },
    { url = "https://files.pythonhosted.org/packages/0d/79/0ba0c14e862388f7b822626e6e989163c23bebe7f96de5ec4b207cbe7c3d/pendulum-3.2.0-cp313-cp313-manylinux_2_17_x86_64.manylinux2014_x86_64.whl", hash = "sha256:063ab61af953bb56ad5bc8e131fd0431c915ed766d90ccecd7549c8090b51004", size = 348904, upload-time = "2026-01-30T11:21:32.436Z" },
    { url = "https://files.pythonhosted.org/packages/17/34/df922c7c0b12719589d4954bfa5bdca9e02bcde220f5c5c1838a87118960/pendulum-3.2.0-cp313-cp313-musllinux_1_1_aarch64.whl", hash = "sha256:26a3ae26c9dd70a4256f1c2f51addc43641813574c0db6ce5664f9861cd93621", size = 517173, upload-time = "2026-01-30T11:21:34.428Z" },
    { url = "https://files.pythonhosted.org/packages/87/ec/3b9e061eeee97b72a47c1434ee03f6d85f0284d9285d92b12b0fff2d19ac/pendulum-3.2.0-cp313-cp313-musllinux_1_1_x86_64.whl", hash = "sha256:2b10d91dc00f424444a42f47c69e6b3bfd79376f330179dc06bc342184b35f9a", size = 561744, upload-time = "2026-01-30T11:21:35.861Z" },
    { url = "https://files.pythonhosted.org/packages/fd/7e/f12fdb6070b7975c1fcfa5685dbe4ab73c788878a71f4d1d7e3c87979e37/pendulum-3.2.0-cp313-cp313-win_amd64.whl", hash = "sha256:63070ff03e30a57b16c8e793ee27da8dac4123c1d6e0cf74c460ce9ee8a64aa4", size = 258746, upload-time = "2026-01-30T11:21:37.782Z" },
    { url = "https://files.pythonhosted.org/packages/c9/b8/5abd872056357f069ae34a9b24a75ac58e79092d16201d779a8dd31386bb/pendulum-3.2.0-cp313-cp313-win_arm64.whl", hash = "sha256:c8dde63e2796b62070a49ce813ce200aba9186130307f04ec78affcf6c2e8122", size = 253028, upload-time = "2026-01-30T11:21:39.381Z" },
    { url = "https://files.pythonhosted.org/packages/82/99/5b9cc823862450910bcb2c7cdc6884c0939b268639146d30e4a4f55eb1f1/pendulum-3.2.0-cp314-cp314-macosx_10_12_x86_64.whl", hash = "sha256:c17ac069e88c5a1e930a5ae0ef17357a14b9cc5a28abadda74eaa8106d241c8e", size = 338281, upload-time = "2026-01-30T11:21:40.812Z" },
    { url = "https://files.pythonhosted.org/packages/cd/3a/64a35260f6ac36c0ad50eeb5f1a465b98b0d7603f79a5c2077c41326d639/pendulum-3.2.0-cp314-cp314-macosx_11_0_arm64.whl", hash = "sha256:e1fbb540edecb21f8244aebfb05a1f2333ddc6c7819378c099d4a61cc91ae93c", size = 328030, upload-time = "2026-01-30T11:21:42.778Z" },
    { url = "https://files.pythonhosted.org/packages/da/6b/1140e09310035a2afb05bb90a2b8fbda9d3222e03b92de9533123afe6b65/pendulum-3.2.0-cp314-cp314-manylinux_2_17_aarch64.manylinux2014_aarch64.whl", hash = "sha256:a8c67fb9a1fe8fc1adae2cc01b0c292b268c12475b4609ff4aed71c9dd367b4d", size = 340206, upload-time = "2026-01-30T11:21:44.148Z" },
    { url = "https://files.pythonhosted.org/packages/52/4a/a493de56cbc24a64b21ac6ba98513a9ec5c67daa3dba325e39a8e53f30d8/pendulum-3.2.0-cp314-cp314-manylinux_2_17_ppc64le.manylinux2014_ppc64le.whl", hash = "sha256:baa9a66c980defda6cfe1275103a94b22e90d83ebd7a84cc961cee6cbd25a244", size = 373976, upload-time = "2026-01-30T11:21:45.56Z" },
    { url = "https://files.pythonhosted.org/packages/3c/4c/f083c4fd1a161d4ab218680cc906338c541497b3098373f2241f58c429cb/pendulum-3.2.0-cp314-cp314-manylinux_2_17_s390x.manylinux2014_s390x.whl", hash = "sha256:ef8f783fa7a14973b0596d8af2a5b2d90858a55030e9b4c6885eb4284b88314f", size = 380075, upload-time = "2026-01-30T11:21:46.959Z" },
    { url = "https://files.pythonhosted.org/packages/57/b6/333a0fcb33bf15eb879a46a11ce6300c1698a141e689665fe430783ff8d6/pendulum-3.2.0-cp314-cp314-manylinux_2_17_x86_64.manylinux2014_x86_64.whl", hash = "sha256:a7d2e9bfb065727d8676e7ada3793b47a24349500a5e9637404355e482c822be", size = 349026, upload-time = "2026-01-30T11:21:48.271Z" },
    { url = "https://files.pythonhosted.org/packages/43/1a/dfb526ec0cba1e7cd6a5e4f4dd64a6ada7428d1449c54b15f7b295f6e122/pendulum-3.2.0-cp314-cp314-musllinux_1_1_aarch64.whl", hash = "sha256:55d7ba6bb74171c3ee409bf30076ee3a259a3c2bb147ac87ebb76aaa3cf5d3a2", size = 517395, upload-time = "2026-01-30T11:21:49.643Z" },
    { url = "https://files.pythonhosted.org/packages/c9/37/b4f2b5f1200351c4869b8b46ad5c21019e3dbe0417f5867ae969fad7b5fe/pendulum-3.2.0-cp314-cp314-musllinux_1_1_x86_64.whl", hash = "sha256:a50d8cf42f06d3d8c3f8bb2a7ac47fa93b5145e69de6a7209be6a47afdd9cf76", size = 561926, upload-time = "2026-01-30T11:21:51.698Z" },
    { url = "https://files.pythonhosted.org/packages/a0/9e/567376582da58f5fe8e4f579db2bcfbf243cf619a5825bdf1023ad1436b3/pendulum-3.2.0-cp314-cp314-win_amd64.whl", hash = "sha256:e5bbb92b155cd5018b3cf70ee49ed3b9c94398caaaa7ed97fe41e5bb5a968418", size = 258817, upload-time = "2026-01-30T11:21:53.074Z" },
    { url = "https://files.pythonhosted.org/packages/95/67/dfffd7eb50d67fa821cd4d92cf71575ead6162930202bc40dfcedf78c38c/pendulum-3.2.0-cp314-cp314-win_arm64.whl", hash = "sha256:d53134418e04335c3029a32e9341cccc9b085a28744fb5ee4e6a8f5039363b1a", size = 253292, upload-time = "2026-01-30T11:21:54.484Z" },
    { url = "https://files.pythonhosted.org/packages/c9/0d/d5ac8468a1b40f09a62d6e91654088de432367907579dd161c0fb1bdf222/pendulum-3.2.0-pp311-pypy311_pp73-macosx_10_12_x86_64.whl", hash = "sha256:9585594d32faa71efa5a78f576f1ee4f79e9c5340d7c6f0cd6c5dfe725effaaa", size = 338760, upload-time = "2026-01-30T11:22:12.225Z" },
    { url = "https://files.pythonhosted.org/packages/a0/e5/7fa8c8be6caac8e0be78fbe7668df571f44820ed779cb3736fab645fcba8/pendulum-3.2.0-pp311-pypy311_pp73-macosx_11_0_arm64.whl", hash = "sha256:26401e2de77c437e8f3b6160c08c6c5d45518d906f8f9b48fd7cb5aa0f4e2aff", size = 328333, upload-time = "2026-01-30T11:22:13.811Z" },
    { url = "https://files.pythonhosted.org/packages/ad/78/73a1031b7d1bf7986e8e655cea3f018164b3470aecfea25a4074e77dda73/pendulum-3.2.0-pp311-pypy311_pp73-manylinux_2_17_aarch64.manylinux2014_aarch64.whl", hash = "sha256:637e65af042f383a2764a886aa28ccc6f853bf7a142df18e41c720542934c13b", size = 340841, upload-time = "2026-01-30T11:22:15.278Z" },
    { url = "https://files.pythonhosted.org/packages/49/40/4e36e9074e92b0164c088b9ada3c02bfea386d83e24fa98b30fe9b6e61a8/pendulum-3.2.0-pp311-pypy311_pp73-manylinux_2_17_x86_64.manylinux2014_x86_64.whl", hash = "sha256:d6e46c28f4d067233c4a4c42748f4ffa641d9289c09e0e81488beb6d4b3fab51", size = 348959, upload-time = "2026-01-30T11:22:16.718Z" },
    { url = "https://files.pythonhosted.org/packages/24/99/8bf7fcb91b526e1efe17d047faa845709b88800fff915ff848ff26054293/pendulum-3.2.0-pp311-pypy311_pp73-musllinux_1_1_aarch64.whl", hash = "sha256:71d46bcc86269f97bfd8c5f1475d55e717696a0a010b1871023605ca94624031", size = 518102, upload-time = "2026-01-30T11:22:18.2Z" },
    { url = "https://files.pythonhosted.org/packages/b8/b0/a36c468d2d0dec62ddea7c5e4177e93abb12f48ac90f09f24d0581c5189f/pendulum-3.2.0-pp311-pypy311_pp73-musllinux_1_1_x86_64.whl", hash = "sha256:5cd956d4176afc7bfe8a91bf3f771b46ff8d326f6c5bf778eb5010eb742ebba6", size = 561884, upload-time = "2026-01-30T11:22:19.671Z" },
    { url = "https://files.pythonhosted.org/packages/c5/4d/dad105261898907bf806cabca53d3878529a9fa2c0d5d7f95f2035246fc2/pendulum-3.2.0-pp311-pypy311_pp73-win_amd64.whl", hash = "sha256:39ef129d7b90aab49708645867abdd207b714ba7bff12dae549975b0aca09716", size = 261236, upload-time = "2026-01-30T11:22:21.059Z" },
    { url = "https://files.pythonhosted.org/packages/02/fb/d65db067a67df7252f18b0cb7420dda84078b9e8bfb375215469c14a50be/pendulum-3.2.0-py3-none-any.whl", hash = "sha256:f3a9c18a89b4d9ef39c5fa6a78722aaff8d5be2597c129a3b16b9f40a561acf3", size = 114111, upload-time = "2026-01-30T11:22:22.361Z" },
]

[[package]]
name = "pipeline-pulse"
version = "0.1.0"
source = { editable = "." }
dependencies = [
    { name = "duckdb" },
    { name = "pendulum" },
    { name = "pytz" },
]

[package.metadata]
requires-dist = [
    { name = "duckdb", specifier = "==1.5.5" },
    { name = "pendulum", specifier = "==3.2.0" },
    { name = "pytz", specifier = "==2026.3" },
]

[[package]]
name = "python-dateutil"
version = "2.9.0.post0"
source = { registry = "https://pypi.org/simple" }
dependencies = [
    { name = "six" },
]
sdist = { url = "https://files.pythonhosted.org/packages/66/c0/0c8b6ad9f17a802ee498c46e004a0eb49bc148f2fd230864601a86dcf6db/python-dateutil-2.9.0.post0.tar.gz", hash = "sha256:37dd54208da7e1cd875388217d5e00ebd4179249f90fb72437e91a35459a0ad3", size = 342432, upload-time = "2024-03-01T18:36:20.211Z" }
wheels = [
    { url = "https://files.pythonhosted.org/packages/ec/57/56b9bcc3c9c6a792fcbaf139543cee77261f3651ca9da0c93f5c1221264b/python_dateutil-2.9.0.post0-py2.py3-none-any.whl", hash = "sha256:a8b2bc7bffae282281c8140a97d3aa9c14da0b136dfe83f850eea9a5f7470427", size = 229892, upload-time = "2024-03-01T18:36:18.57Z" },
]

[[package]]
name = "pytz"
version = "2026.3"
source = { registry = "https://pypi.org/simple" }
sdist = { url = "https://files.pythonhosted.org/packages/96/24/b0c591d81fdb795a3bf65a05ac6dd2a138b80dd0711b3fd84ee630f1fee4/pytz-2026.3.tar.gz", hash = "sha256:3a30feb7a1a04cf0fa0be1624415930843b02f012eb800380f36f906a723e4ae", size = 319698, upload-time = "2026-07-25T11:09:31.453Z" }
wheels = [
    { url = "https://files.pythonhosted.org/packages/c4/f5/6d4e606d0a64730dfb99e2096bfc443792716d630385863f9ec38d56338a/pytz-2026.3-py2.py3-none-any.whl", hash = "sha256:f2c90c10a28a593365fe42a654c5a4dc20bc48ad13451735db1c9adb94e039be", size = 508203, upload-time = "2026-07-25T11:09:29.677Z" },
]

[[package]]
name = "six"
version = "1.17.0"
source = { registry = "https://pypi.org/simple" }
sdist = { url = "https://files.pythonhosted.org/packages/94/e7/b2c673351809dca68a0e064b6af791aa332cf192da575fd474ed7d6f16a2/six-1.17.0.tar.gz", hash = "sha256:ff70335d468e7eb6ec65b95b99d3a2836546063f63acc5171de367e834932a81", size = 34031, upload-time = "2024-12-04T17:35:28.174Z" }
wheels = [
    { url = "https://files.pythonhosted.org/packages/b7/ce/149a00dd41f10bc29e5921b496af8b574d8413afcd5e30dfa0ed46c2cc5e/six-1.17.0-py2.py3-none-any.whl", hash = "sha256:4721f391ed90541fddacab5acf947aa0d3dc7d27b2e1e8eda2be8970586c3274", size = 11050, upload-time = "2024-12-04T17:35:26.475Z" },
]

[[package]]
name = "tzdata"
version = "2026.3"
source = { registry = "https://pypi.org/simple" }
sdist = { url = "https://files.pythonhosted.org/packages/92/ff/5a28bdfd8c3ebec42564ac7d0e54ca3db65044a9314a97f9564fa7a1e926/tzdata-2026.3.tar.gz", hash = "sha256:4a1518b8993086a7982523e071643f3c0e5f213e75b21318e78bcabfff9d1415", size = 198674, upload-time = "2026-07-10T08:50:37.887Z" }
wheels = [
    { url = "https://files.pythonhosted.org/packages/e5/6d/b53b99a9f2766d095985947a5782f1702cabb129a34f7a802d7197af832f/tzdata-2026.3-py2.py3-none-any.whl", hash = "sha256:dc096730c87af6cab1b171c9d532be840741ff5d459015e7f6947bd7d7e54931", size = 348168, upload-time = "2026-07-10T08:50:36.46Z" },
]
